
Microsoft Visual Studio Solution File, Format Version 12.00
# Visual Studio Version 17
VisualStudioVersion = 17.12.35527.113 d17.12
MinimumVisualStudioVersion = 10.0.40219.1
Project("{FAE04EC0-301F-11D3-BF4B-00C04F79EFBC}") = "customer-crid-en", "customer-crid-en\customer-crid-en.csproj", "{7A8C8F51-6593-494F-8B39-006C6DD6245B}"
EndProject
Global
	GlobalSection(SolutionConfigurationPlatforms) = preSolution
		Debug|Any CPU = Debug|Any CPU
		Release|Any CPU = Release|Any CPU
	EndGlobalSection
	GlobalSection(ProjectConfigurationPlatforms) = postSolution
		{7A8C8F51-6593-494F-8B39-006C6DD6245B}.Debug|Any CPU.ActiveCfg = Debug|Any CPU
		{7A8C8F51-6593-494F-8B39-006C6DD6245B}.Debug|Any CPU.Build.0 = Debug|Any CPU
		{7A8C8F51-6593-494F-8B39-006C6DD6245B}.Release|Any CPU.ActiveCfg = Release|Any CPU
		{7A8C8F51-6593-494F-8B39-006C6DD6245B}.Release|Any CPU.Build.0 = Release|Any CPU
	EndGlobalSection
	GlobalSection(SolutionProperties) = preSolution
		HideSolutionNode = FALSE
	EndGlobalSection
EndGlobal
