
Microsoft Visual Studio Solution File, Format Version 12.00
# Visual Studio Version 17
VisualStudioVersion = 17.12.35527.113 d17.12
MinimumVisualStudioVersion = 10.0.40219.1
Project("{FAE04EC0-301F-11D3-BF4B-00C04F79EFBC}") = "LabExamMath", "LabExamMath\LabExamMath.csproj", "{D356D06D-6D19-42CA-89DC-60DD1537CFFF}"
EndProject
Project("{FAE04EC0-301F-11D3-BF4B-00C04F79EFBC}") = "LabExamMathTest", "LabExamMathTest\LabExamMathTest.csproj", "{FD696DFE-7691-4D89-B709-38086F8044FD}"
EndProject
Global
	GlobalSection(SolutionConfigurationPlatforms) = preSolution
		Debug|Any CPU = Debug|Any CPU
		Release|Any CPU = Release|Any CPU
	EndGlobalSection
	GlobalSection(ProjectConfigurationPlatforms) = postSolution
		{D356D06D-6D19-42CA-89DC-60DD1537CFFF}.Debug|Any CPU.ActiveCfg = Debug|Any CPU
		{D356D06D-6D19-42CA-89DC-60DD1537CFFF}.Debug|Any CPU.Build.0 = Debug|Any CPU
		{D356D06D-6D19-42CA-89DC-60DD1537CFFF}.Release|Any CPU.ActiveCfg = Release|Any CPU
		{D356D06D-6D19-42CA-89DC-60DD1537CFFF}.Release|Any CPU.Build.0 = Release|Any CPU
		{FD696DFE-7691-4D89-B709-38086F8044FD}.Debug|Any CPU.ActiveCfg = Debug|Any CPU
		{FD696DFE-7691-4D89-B709-38086F8044FD}.Debug|Any CPU.Build.0 = Debug|Any CPU
		{FD696DFE-7691-4D89-B709-38086F8044FD}.Release|Any CPU.ActiveCfg = Release|Any CPU
		{FD696DFE-7691-4D89-B709-38086F8044FD}.Release|Any CPU.Build.0 = Release|Any CPU
	EndGlobalSection
	GlobalSection(SolutionProperties) = preSolution
		HideSolutionNode = FALSE
	EndGlobalSection
EndGlobal
